
Microsoft Visual Studio Solution File, Format Version 12.00
# Visual Studio Version 17
VisualStudioVersion = 17.12.35527.113
MinimumVisualStudioVersion = 10.0.40219.1
Project("{FAE04EC0-301F-11D3-BF4B-00C04F79EFBC}") = "FAHPApp", "FAHPApp\FAHPApp.csproj", "{6E543D3F-93A9-494C-85AB-084D3756E93C}"
EndProject
Project("{FAE04EC0-301F-11D3-BF4B-00C04F79EFBC}") = "FAHP.Shared", "FAHP.Shared\FAHP.Shared.csproj", "{4EEEBE7B-249C-486D-8613-C27C49FE90B1}"
EndProject
Project("{2150E333-8FDC-42A3-9474-1A3956D46DE8}") = "FAHPWebApp3", "FAHPWebApp3", "{CC6F58B9-1953-03AA-2260-AD74A98BCE07}"
EndProject
Project("{FAE04EC0-301F-11D3-BF4B-00C04F79EFBC}") = "FAHPWebApp3", "FAHPWebApp3\FAHPWebApp3\FAHPWebApp3.csproj", "{01E88ABB-ECE5-4641-8616-96FFC7C3F247}"
EndProject
Project("{FAE04EC0-301F-11D3-BF4B-00C04F79EFBC}") = "FAHPWebApp3.Browser", "FAHPWebApp3\FAHPWebApp3.Browser\FAHPWebApp3.Browser.csproj", "{E26AF86F-1A99-4915-99EA-8004D4867171}"
EndProject
Project("{FAE04EC0-301F-11D3-BF4B-00C04F79EFBC}") = "FAHPWebApp3.Simulator", "FAHPWebApp3\FAHPWebApp3.Simulator\FAHPWebApp3.Simulator.csproj", "{E8CB0D94-BD44-47C6-ABF5-C964FD5A3C9C}"
EndProject
Global
	GlobalSection(SolutionConfigurationPlatforms) = preSolution
		Debug|Any CPU = Debug|Any CPU
		Debug|x64 = Debug|x64
		Debug|x86 = Debug|x86
		Release|Any CPU = Release|Any CPU
		Release|x64 = Release|x64
		Release|x86 = Release|x86
	EndGlobalSection
	GlobalSection(ProjectConfigurationPlatforms) = postSolution
		{6E543D3F-93A9-494C-85AB-084D3756E93C}.Debug|Any CPU.ActiveCfg = Debug|Any CPU
		{6E543D3F-93A9-494C-85AB-084D3756E93C}.Debug|Any CPU.Build.0 = Debug|Any CPU
		{6E543D3F-93A9-494C-85AB-084D3756E93C}.Debug|x64.ActiveCfg = Debug|Any CPU
		{6E543D3F-93A9-494C-85AB-084D3756E93C}.Debug|x64.Build.0 = Debug|Any CPU
		{6E543D3F-93A9-494C-85AB-084D3756E93C}.Debug|x86.ActiveCfg = Debug|Any CPU
		{6E543D3F-93A9-494C-85AB-084D3756E93C}.Debug|x86.Build.0 = Debug|Any CPU
		{6E543D3F-93A9-494C-85AB-084D3756E93C}.Release|Any CPU.ActiveCfg = Release|Any CPU
		{6E543D3F-93A9-494C-85AB-084D3756E93C}.Release|Any CPU.Build.0 = Release|Any CPU
		{6E543D3F-93A9-494C-85AB-084D3756E93C}.Release|x64.ActiveCfg = Release|Any CPU
		{6E543D3F-93A9-494C-85AB-084D3756E93C}.Release|x64.Build.0 = Release|Any CPU
		{6E543D3F-93A9-494C-85AB-084D3756E93C}.Release|x86.ActiveCfg = Release|Any CPU
		{6E543D3F-93A9-494C-85AB-084D3756E93C}.Release|x86.Build.0 = Release|Any CPU
		{4EEEBE7B-249C-486D-8613-C27C49FE90B1}.Debug|Any CPU.ActiveCfg = Debug|Any CPU
		{4EEEBE7B-249C-486D-8613-C27C49FE90B1}.Debug|Any CPU.Build.0 = Debug|Any CPU
		{4EEEBE7B-249C-486D-8613-C27C49FE90B1}.Debug|x64.ActiveCfg = Debug|Any CPU
		{4EEEBE7B-249C-486D-8613-C27C49FE90B1}.Debug|x64.Build.0 = Debug|Any CPU
		{4EEEBE7B-249C-486D-8613-C27C49FE90B1}.Debug|x86.ActiveCfg = Debug|Any CPU
		{4EEEBE7B-249C-486D-8613-C27C49FE90B1}.Debug|x86.Build.0 = Debug|Any CPU
		{4EEEBE7B-249C-486D-8613-C27C49FE90B1}.Release|Any CPU.ActiveCfg = Release|Any CPU
		{4EEEBE7B-249C-486D-8613-C27C49FE90B1}.Release|Any CPU.Build.0 = Release|Any CPU
		{4EEEBE7B-249C-486D-8613-C27C49FE90B1}.Release|x64.ActiveCfg = Release|Any CPU
		{4EEEBE7B-249C-486D-8613-C27C49FE90B1}.Release|x64.Build.0 = Release|Any CPU
		{4EEEBE7B-249C-486D-8613-C27C49FE90B1}.Release|x86.ActiveCfg = Release|Any CPU
		{4EEEBE7B-249C-486D-8613-C27C49FE90B1}.Release|x86.Build.0 = Release|Any CPU
		{01E88ABB-ECE5-4641-8616-96FFC7C3F247}.Debug|Any CPU.ActiveCfg = Debug|Any CPU
		{01E88ABB-ECE5-4641-8616-96FFC7C3F247}.Debug|Any CPU.Build.0 = Debug|Any CPU
		{01E88ABB-ECE5-4641-8616-96FFC7C3F247}.Debug|x64.ActiveCfg = Debug|Any CPU
		{01E88ABB-ECE5-4641-8616-96FFC7C3F247}.Debug|x64.Build.0 = Debug|Any CPU
		{01E88ABB-ECE5-4641-8616-96FFC7C3F247}.Debug|x86.ActiveCfg = Debug|Any CPU
		{01E88ABB-ECE5-4641-8616-96FFC7C3F247}.Debug|x86.Build.0 = Debug|Any CPU
		{01E88ABB-ECE5-4641-8616-96FFC7C3F247}.Release|Any CPU.ActiveCfg = Release|Any CPU
		{01E88ABB-ECE5-4641-8616-96FFC7C3F247}.Release|Any CPU.Build.0 = Release|Any CPU
		{01E88ABB-ECE5-4641-8616-96FFC7C3F247}.Release|x64.ActiveCfg = Release|Any CPU
		{01E88ABB-ECE5-4641-8616-96FFC7C3F247}.Release|x64.Build.0 = Release|Any CPU
		{01E88ABB-ECE5-4641-8616-96FFC7C3F247}.Release|x86.ActiveCfg = Release|Any CPU
		{01E88ABB-ECE5-4641-8616-96FFC7C3F247}.Release|x86.Build.0 = Release|Any CPU
		{E26AF86F-1A99-4915-99EA-8004D4867171}.Debug|Any CPU.ActiveCfg = Debug|Any CPU
		{E26AF86F-1A99-4915-99EA-8004D4867171}.Debug|Any CPU.Build.0 = Debug|Any CPU
		{E26AF86F-1A99-4915-99EA-8004D4867171}.Debug|x64.ActiveCfg = Debug|Any CPU
		{E26AF86F-1A99-4915-99EA-8004D4867171}.Debug|x64.Build.0 = Debug|Any CPU
		{E26AF86F-1A99-4915-99EA-8004D4867171}.Debug|x86.ActiveCfg = Debug|Any CPU
		{E26AF86F-1A99-4915-99EA-8004D4867171}.Debug|x86.Build.0 = Debug|Any CPU
		{E26AF86F-1A99-4915-99EA-8004D4867171}.Release|Any CPU.ActiveCfg = Release|Any CPU
		{E26AF86F-1A99-4915-99EA-8004D4867171}.Release|Any CPU.Build.0 = Release|Any CPU
		{E26AF86F-1A99-4915-99EA-8004D4867171}.Release|x64.ActiveCfg = Release|Any CPU
		{E26AF86F-1A99-4915-99EA-8004D4867171}.Release|x64.Build.0 = Release|Any CPU
		{E26AF86F-1A99-4915-99EA-8004D4867171}.Release|x86.ActiveCfg = Release|Any CPU
		{E26AF86F-1A99-4915-99EA-8004D4867171}.Release|x86.Build.0 = Release|Any CPU
		{E8CB0D94-BD44-47C6-ABF5-C964FD5A3C9C}.Debug|Any CPU.ActiveCfg = Debug|Any CPU
		{E8CB0D94-BD44-47C6-ABF5-C964FD5A3C9C}.Debug|Any CPU.Build.0 = Debug|Any CPU
		{E8CB0D94-BD44-47C6-ABF5-C964FD5A3C9C}.Debug|x64.ActiveCfg = Debug|Any CPU
		{E8CB0D94-BD44-47C6-ABF5-C964FD5A3C9C}.Debug|x64.Build.0 = Debug|Any CPU
		{E8CB0D94-BD44-47C6-ABF5-C964FD5A3C9C}.Debug|x86.ActiveCfg = Debug|Any CPU
		{E8CB0D94-BD44-47C6-ABF5-C964FD5A3C9C}.Debug|x86.Build.0 = Debug|Any CPU
		{E8CB0D94-BD44-47C6-ABF5-C964FD5A3C9C}.Release|Any CPU.ActiveCfg = Release|Any CPU
		{E8CB0D94-BD44-47C6-ABF5-C964FD5A3C9C}.Release|Any CPU.Build.0 = Release|Any CPU
		{E8CB0D94-BD44-47C6-ABF5-C964FD5A3C9C}.Release|x64.ActiveCfg = Release|Any CPU
		{E8CB0D94-BD44-47C6-ABF5-C964FD5A3C9C}.Release|x64.Build.0 = Release|Any CPU
		{E8CB0D94-BD44-47C6-ABF5-C964FD5A3C9C}.Release|x86.ActiveCfg = Release|Any CPU
		{E8CB0D94-BD44-47C6-ABF5-C964FD5A3C9C}.Release|x86.Build.0 = Release|Any CPU
	EndGlobalSection
	GlobalSection(SolutionProperties) = preSolution
		HideSolutionNode = FALSE
	EndGlobalSection
	GlobalSection(NestedProjects) = preSolution
		{01E88ABB-ECE5-4641-8616-96FFC7C3F247} = {CC6F58B9-1953-03AA-2260-AD74A98BCE07}
		{E26AF86F-1A99-4915-99EA-8004D4867171} = {CC6F58B9-1953-03AA-2260-AD74A98BCE07}
		{E8CB0D94-BD44-47C6-ABF5-C964FD5A3C9C} = {CC6F58B9-1953-03AA-2260-AD74A98BCE07}
	EndGlobalSection
EndGlobal
